// !$*UTF8*$!
{
	archiveVersion = 1;
	classes = {
	};
	objectVersion = 56;
	objects = {

/* Begin PBXBuildFile section */
		D10F2ED32D301399008954C6 /* MainViewModelTests.swift in Sources */ = {isa = PBXBuildFile; fileRef = D10F2ED22D301399008954C6 /* MainViewModelTests.swift */; };
		D10F2ED52D30152D008954C6 /* NetworkServiceMock.swift in Sources */ = {isa = PBXBuildFile; fileRef = D10F2ED42D30152D008954C6 /* NetworkServiceMock.swift */; };
		D10F2ED72D301574008954C6 /* NetworkServiceProtocol.swift in Sources */ = {isa = PBXBuildFile; fileRef = D10F2ED62D301574008954C6 /* NetworkServiceProtocol.swift */; };
		D10F2EDA2D3029A5008954C6 /* ForecastWeatherResponse.swift in Sources */ = {isa = PBXBuildFile; fileRef = D10F2ED92D3029A5008954C6 /* ForecastWeatherResponse.swift */; };
		D10F2EDC2D3029C5008954C6 /* ForecastWeatherItem.swift in Sources */ = {isa = PBXBuildFile; fileRef = D10F2EDB2D3029C5008954C6 /* ForecastWeatherItem.swift */; };
		D10F2EDE2D3029D7008954C6 /* Main.swift in Sources */ = {isa = PBXBuildFile; fileRef = D10F2EDD2D3029D7008954C6 /* Main.swift */; };
		D10F2EE02D3029F9008954C6 /* CurrentCondition.swift in Sources */ = {isa = PBXBuildFile; fileRef = D10F2EDF2D3029F9008954C6 /* CurrentCondition.swift */; };
		D10F2EE22D302A17008954C6 /* Weather.swift in Sources */ = {isa = PBXBuildFile; fileRef = D10F2EE12D302A17008954C6 /* Weather.swift */; };
		D10F2EE42D302C7C008954C6 /* MainViewController+styling.swift in Sources */ = {isa = PBXBuildFile; fileRef = D10F2EE32D302C7C008954C6 /* MainViewController+styling.swift */; };
		D10F2EE62D302D10008954C6 /* MainViewController+LocationManager.swift in Sources */ = {isa = PBXBuildFile; fileRef = D10F2EE52D302D10008954C6 /* MainViewController+LocationManager.swift */; };
		D10F2EE82D302EB7008954C6 /* BackendError.swift in Sources */ = {isa = PBXBuildFile; fileRef = D10F2EE72D302EB7008954C6 /* BackendError.swift */; };
		D10F2EEA2D303DB5008954C6 /* URLs.swift in Sources */ = {isa = PBXBuildFile; fileRef = D10F2EE92D303DB5008954C6 /* URLs.swift */; };
		D123135F2D2DC94500AFF0C1 /* AppDelegate.swift in Sources */ = {isa = PBXBuildFile; fileRef = D123135E2D2DC94500AFF0C1 /* AppDelegate.swift */; };
		D12313612D2DC94500AFF0C1 /* SceneDelegate.swift in Sources */ = {isa = PBXBuildFile; fileRef = D12313602D2DC94500AFF0C1 /* SceneDelegate.swift */; };
		D12313682D2DC94700AFF0C1 /* Assets.xcassets in Resources */ = {isa = PBXBuildFile; fileRef = D12313672D2DC94700AFF0C1 /* Assets.xcassets */; };
		D123136B2D2DC94700AFF0C1 /* LaunchScreen.storyboard in Resources */ = {isa = PBXBuildFile; fileRef = D12313692D2DC94700AFF0C1 /* LaunchScreen.storyboard */; };
		D123138F2D2DCD5D00AFF0C1 /* MainViewController.swift in Sources */ = {isa = PBXBuildFile; fileRef = D123138E2D2DCD5D00AFF0C1 /* MainViewController.swift */; };
		D12313932D2DD4EA00AFF0C1 /* CurrentWeatherResponse.swift in Sources */ = {isa = PBXBuildFile; fileRef = D12313922D2DD4EA00AFF0C1 /* CurrentWeatherResponse.swift */; };
		D12313952D2DD5B000AFF0C1 /* NetworkService.swift in Sources */ = {isa = PBXBuildFile; fileRef = D12313942D2DD5B000AFF0C1 /* NetworkService.swift */; };
		D12313972D2DD60100AFF0C1 /* NetworkError.swift in Sources */ = {isa = PBXBuildFile; fileRef = D12313962D2DD60100AFF0C1 /* NetworkError.swift */; };
		D12313992D2DE74300AFF0C1 /* MainViewController+constraints.swift in Sources */ = {isa = PBXBuildFile; fileRef = D12313982D2DE74300AFF0C1 /* MainViewController+constraints.swift */; };
		D123139B2D2DE78A00AFF0C1 /* MainViewModel.swift in Sources */ = {isa = PBXBuildFile; fileRef = D123139A2D2DE78A00AFF0C1 /* MainViewModel.swift */; };
		D12313A02D2EAB5D00AFF0C1 /* ForecastListView.swift in Sources */ = {isa = PBXBuildFile; fileRef = D123139F2D2EAB5D00AFF0C1 /* ForecastListView.swift */; };
		D12BE3A42D368BBB0028486F /* Localizable.strings in Resources */ = {isa = PBXBuildFile; fileRef = D12BE3A32D368BBB0028486F /* Localizable.strings */; };
		D12BE3A62D3692B90028486F /* UIColorHelper.swift in Sources */ = {isa = PBXBuildFile; fileRef = D12BE3A52D3692B80028486F /* UIColorHelper.swift */; };
		D12BE3A82D3692C50028486F /* DateHelper.swift in Sources */ = {isa = PBXBuildFile; fileRef = D12BE3A72D3692C50028486F /* DateHelper.swift */; };
		D12BE3AA2D3692EF0028486F /* UILabelHelper.swift in Sources */ = {isa = PBXBuildFile; fileRef = D12BE3A92D3692EF0028486F /* UILabelHelper.swift */; };
		D12BE3AC2D36930C0028486F /* AlertHelper.swift in Sources */ = {isa = PBXBuildFile; fileRef = D12BE3AB2D36930C0028486F /* AlertHelper.swift */; };
		D12BE3AE2D3693310028486F /* JSONDecoderHelper.swift in Sources */ = {isa = PBXBuildFile; fileRef = D12BE3AD2D3693310028486F /* JSONDecoderHelper.swift */; };
		D12BE3B02D3693480028486F /* DoubleHelper.swift in Sources */ = {isa = PBXBuildFile; fileRef = D12BE3AF2D3693480028486F /* DoubleHelper.swift */; };
		D14577802D367E9D00E091B2 /* AppConfig.swift in Sources */ = {isa = PBXBuildFile; fileRef = D145777F2D367E9D00E091B2 /* AppConfig.swift */; };
/* End PBXBuildFile section */

/* Begin PBXContainerItemProxy section */
		D12313722D2DC94700AFF0C1 /* PBXContainerItemProxy */ = {
			isa = PBXContainerItemProxy;
			containerPortal = D12313532D2DC94500AFF0C1 /* Project object */;
			proxyType = 1;
			remoteGlobalIDString = D123135A2D2DC94500AFF0C1;
			remoteInfo = "Weather App 2025";
		};
/* End PBXContainerItemProxy section */

/* Begin PBXFileReference section */
		D10F2ED22D301399008954C6 /* MainViewModelTests.swift */ = {isa = PBXFileReference; lastKnownFileType = sourcecode.swift; path = MainViewModelTests.swift; sourceTree = "<group>"; };
		D10F2ED42D30152D008954C6 /* NetworkServiceMock.swift */ = {isa = PBXFileReference; lastKnownFileType = sourcecode.swift; path = NetworkServiceMock.swift; sourceTree = "<group>"; };
		D10F2ED62D301574008954C6 /* NetworkServiceProtocol.swift */ = {isa = PBXFileReference; lastKnownFileType = sourcecode.swift; path = NetworkServiceProtocol.swift; sourceTree = "<group>"; };
		D10F2ED92D3029A5008954C6 /* ForecastWeatherResponse.swift */ = {isa = PBXFileReference; lastKnownFileType = sourcecode.swift; path = ForecastWeatherResponse.swift; sourceTree = "<group>"; };
		D10F2EDB2D3029C5008954C6 /* ForecastWeatherItem.swift */ = {isa = PBXFileReference; lastKnownFileType = sourcecode.swift; path = ForecastWeatherItem.swift; sourceTree = "<group>"; };
		D10F2EDD2D3029D7008954C6 /* Main.swift */ = {isa = PBXFileReference; lastKnownFileType = sourcecode.swift; path = Main.swift; sourceTree = "<group>"; };
		D10F2EDF2D3029F9008954C6 /* CurrentCondition.swift */ = {isa = PBXFileReference; lastKnownFileType = sourcecode.swift; path = CurrentCondition.swift; sourceTree = "<group>"; };
		D10F2EE12D302A17008954C6 /* Weather.swift */ = {isa = PBXFileReference; lastKnownFileType = sourcecode.swift; path = Weather.swift; sourceTree = "<group>"; };
		D10F2EE32D302C7C008954C6 /* MainViewController+styling.swift */ = {isa = PBXFileReference; lastKnownFileType = sourcecode.swift; path = "MainViewController+styling.swift"; sourceTree = "<group>"; };
		D10F2EE52D302D10008954C6 /* MainViewController+LocationManager.swift */ = {isa = PBXFileReference; lastKnownFileType = sourcecode.swift; path = "MainViewController+LocationManager.swift"; sourceTree = "<group>"; };
		D10F2EE72D302EB7008954C6 /* BackendError.swift */ = {isa = PBXFileReference; lastKnownFileType = sourcecode.swift; path = BackendError.swift; sourceTree = "<group>"; };
		D10F2EE92D303DB5008954C6 /* URLs.swift */ = {isa = PBXFileReference; lastKnownFileType = sourcecode.swift; path = URLs.swift; sourceTree = "<group>"; };
		D123135B2D2DC94500AFF0C1 /* Weather App 2025.app */ = {isa = PBXFileReference; explicitFileType = wrapper.application; includeInIndex = 0; path = "Weather App 2025.app"; sourceTree = BUILT_PRODUCTS_DIR; };
		D123135E2D2DC94500AFF0C1 /* AppDelegate.swift */ = {isa = PBXFileReference; lastKnownFileType = sourcecode.swift; path = AppDelegate.swift; sourceTree = "<group>"; };
		D12313602D2DC94500AFF0C1 /* SceneDelegate.swift */ = {isa = PBXFileReference; lastKnownFileType = sourcecode.swift; path = SceneDelegate.swift; sourceTree = "<group>"; };
		D12313672D2DC94700AFF0C1 /* Assets.xcassets */ = {isa = PBXFileReference; lastKnownFileType = folder.assetcatalog; path = Assets.xcassets; sourceTree = "<group>"; };
		D123136A2D2DC94700AFF0C1 /* Base */ = {isa = PBXFileReference; lastKnownFileType = file.storyboard; name = Base; path = Base.lproj/LaunchScreen.storyboard; sourceTree = "<group>"; };
		D123136C2D2DC94700AFF0C1 /* Info.plist */ = {isa = PBXFileReference; lastKnownFileType = text.plist.xml; path = Info.plist; sourceTree = "<group>"; };
		D12313712D2DC94700AFF0C1 /* Weather App 2025Tests.xctest */ = {isa = PBXFileReference; explicitFileType = wrapper.cfbundle; includeInIndex = 0; path = "Weather App 2025Tests.xctest"; sourceTree = BUILT_PRODUCTS_DIR; };
		D123138E2D2DCD5D00AFF0C1 /* MainViewController.swift */ = {isa = PBXFileReference; lastKnownFileType = sourcecode.swift; path = MainViewController.swift; sourceTree = "<group>"; };
		D12313922D2DD4EA00AFF0C1 /* CurrentWeatherResponse.swift */ = {isa = PBXFileReference; lastKnownFileType = sourcecode.swift; path = CurrentWeatherResponse.swift; sourceTree = "<group>"; };
		D12313942D2DD5B000AFF0C1 /* NetworkService.swift */ = {isa = PBXFileReference; lastKnownFileType = sourcecode.swift; path = NetworkService.swift; sourceTree = "<group>"; };
		D12313962D2DD60100AFF0C1 /* NetworkError.swift */ = {isa = PBXFileReference; lastKnownFileType = sourcecode.swift; path = NetworkError.swift; sourceTree = "<group>"; };
		D12313982D2DE74300AFF0C1 /* MainViewController+constraints.swift */ = {isa = PBXFileReference; lastKnownFileType = sourcecode.swift; path = "MainViewController+constraints.swift"; sourceTree = "<group>"; };
		D123139A2D2DE78A00AFF0C1 /* MainViewModel.swift */ = {isa = PBXFileReference; lastKnownFileType = sourcecode.swift; path = MainViewModel.swift; sourceTree = "<group>"; };
		D123139F2D2EAB5D00AFF0C1 /* ForecastListView.swift */ = {isa = PBXFileReference; lastKnownFileType = sourcecode.swift; path = ForecastListView.swift; sourceTree = "<group>"; };
		D12BE3A32D368BBB0028486F /* Localizable.strings */ = {isa = PBXFileReference; lastKnownFileType = text.plist.strings; path = Localizable.strings; sourceTree = "<group>"; };
		D12BE3A52D3692B80028486F /* UIColorHelper.swift */ = {isa = PBXFileReference; lastKnownFileType = sourcecode.swift; path = UIColorHelper.swift; sourceTree = "<group>"; };
		D12BE3A72D3692C50028486F /* DateHelper.swift */ = {isa = PBXFileReference; lastKnownFileType = sourcecode.swift; path = DateHelper.swift; sourceTree = "<group>"; };
		D12BE3A92D3692EF0028486F /* UILabelHelper.swift */ = {isa = PBXFileReference; lastKnownFileType = sourcecode.swift; path = UILabelHelper.swift; sourceTree = "<group>"; };
		D12BE3AB2D36930C0028486F /* AlertHelper.swift */ = {isa = PBXFileReference; lastKnownFileType = sourcecode.swift; path = AlertHelper.swift; sourceTree = "<group>"; };
		D12BE3AD2D3693310028486F /* JSONDecoderHelper.swift */ = {isa = PBXFileReference; lastKnownFileType = sourcecode.swift; path = JSONDecoderHelper.swift; sourceTree = "<group>"; };
		D12BE3AF2D3693480028486F /* DoubleHelper.swift */ = {isa = PBXFileReference; lastKnownFileType = sourcecode.swift; path = DoubleHelper.swift; sourceTree = "<group>"; };
		D145777D2D367DB300E091B2 /* AppConfig.xcconfig */ = {isa = PBXFileReference; lastKnownFileType = text.xcconfig; path = AppConfig.xcconfig; sourceTree = "<group>"; };
		D145777E2D367E2000E091B2 /* AppConfig.sample.xcconfig */ = {isa = PBXFileReference; lastKnownFileType = text.xcconfig; path = AppConfig.sample.xcconfig; sourceTree = "<group>"; };
		D145777F2D367E9D00E091B2 /* AppConfig.swift */ = {isa = PBXFileReference; lastKnownFileType = sourcecode.swift; path = AppConfig.swift; sourceTree = "<group>"; };
/* End PBXFileReference section */

/* Begin PBXFrameworksBuildPhase section */
		D12313582D2DC94500AFF0C1 /* Frameworks */ = {
			isa = PBXFrameworksBuildPhase;
			buildActionMask = 2147483647;
			files = (
			);
			runOnlyForDeploymentPostprocessing = 0;
		};
		D123136E2D2DC94700AFF0C1 /* Frameworks */ = {
			isa = PBXFrameworksBuildPhase;
			buildActionMask = 2147483647;
			files = (
			);
			runOnlyForDeploymentPostprocessing = 0;
		};
/* End PBXFrameworksBuildPhase section */

/* Begin PBXGroup section */
		D10F2ED82D302968008954C6 /* View */ = {
			isa = PBXGroup;
			children = (
				D123139F2D2EAB5D00AFF0C1 /* ForecastListView.swift */,
				D123138E2D2DCD5D00AFF0C1 /* MainViewController.swift */,
				D12313982D2DE74300AFF0C1 /* MainViewController+constraints.swift */,
				D10F2EE52D302D10008954C6 /* MainViewController+LocationManager.swift */,
				D10F2EE32D302C7C008954C6 /* MainViewController+styling.swift */,
			);
			path = View;
			sourceTree = "<group>";
		};
		D12313522D2DC94500AFF0C1 = {
			isa = PBXGroup;
			children = (
				D123135D2D2DC94500AFF0C1 /* Weather App 2025 */,
				D12313742D2DC94700AFF0C1 /* Weather App 2025Tests */,
				D123135C2D2DC94500AFF0C1 /* Products */,
			);
			sourceTree = "<group>";
		};
		D123135C2D2DC94500AFF0C1 /* Products */ = {
			isa = PBXGroup;
			children = (
				D123135B2D2DC94500AFF0C1 /* Weather App 2025.app */,
				D12313712D2DC94700AFF0C1 /* Weather App 2025Tests.xctest */,
			);
			name = Products;
			sourceTree = "<group>";
		};
		D123135D2D2DC94500AFF0C1 /* Weather App 2025 */ = {
			isa = PBXGroup;
			children = (
				D12BE3B22D3694E10028486F /* ViewModel */,
				D10F2ED82D302968008954C6 /* View */,
				D123139C2D2DFB5300AFF0C1 /* Utils */,
				D12313912D2DD17100AFF0C1 /* Models */,
				D12313902D2DCDD300AFF0C1 /* Network */,
				D123135E2D2DC94500AFF0C1 /* AppDelegate.swift */,
				D12313602D2DC94500AFF0C1 /* SceneDelegate.swift */,
				D12313672D2DC94700AFF0C1 /* Assets.xcassets */,
				D12313692D2DC94700AFF0C1 /* LaunchScreen.storyboard */,
				D123136C2D2DC94700AFF0C1 /* Info.plist */,
			);
			path = "Weather App 2025";
			sourceTree = "<group>";
		};
		D12313742D2DC94700AFF0C1 /* Weather App 2025Tests */ = {
			isa = PBXGroup;
			children = (
				D10F2ED22D301399008954C6 /* MainViewModelTests.swift */,
				D10F2ED42D30152D008954C6 /* NetworkServiceMock.swift */,
			);
			path = "Weather App 2025Tests";
			sourceTree = "<group>";
		};
		D12313902D2DCDD300AFF0C1 /* Network */ = {
			isa = PBXGroup;
			children = (
				D12313942D2DD5B000AFF0C1 /* NetworkService.swift */,
				D12313962D2DD60100AFF0C1 /* NetworkError.swift */,
				D10F2ED62D301574008954C6 /* NetworkServiceProtocol.swift */,
				D10F2EE92D303DB5008954C6 /* URLs.swift */,
			);
			path = Network;
			sourceTree = "<group>";
		};
		D12313912D2DD17100AFF0C1 /* Models */ = {
			isa = PBXGroup;
			children = (
				D12313922D2DD4EA00AFF0C1 /* CurrentWeatherResponse.swift */,
				D10F2ED92D3029A5008954C6 /* ForecastWeatherResponse.swift */,
				D10F2EDB2D3029C5008954C6 /* ForecastWeatherItem.swift */,
				D10F2EDD2D3029D7008954C6 /* Main.swift */,
				D10F2EDF2D3029F9008954C6 /* CurrentCondition.swift */,
				D10F2EE12D302A17008954C6 /* Weather.swift */,
				D10F2EE72D302EB7008954C6 /* BackendError.swift */,
			);
			path = Models;
			sourceTree = "<group>";
		};
		D123139C2D2DFB5300AFF0C1 /* Utils */ = {
			isa = PBXGroup;
			children = (
				D12BE3B12D3693570028486F /* HelperFunctions */,
				D145777D2D367DB300E091B2 /* AppConfig.xcconfig */,
				D145777E2D367E2000E091B2 /* AppConfig.sample.xcconfig */,
				D145777F2D367E9D00E091B2 /* AppConfig.swift */,
				D12BE3A32D368BBB0028486F /* Localizable.strings */,
			);
			path = Utils;
			sourceTree = "<group>";
		};
		D12BE3B12D3693570028486F /* HelperFunctions */ = {
			isa = PBXGroup;
			children = (
				D12BE3A52D3692B80028486F /* UIColorHelper.swift */,
				D12BE3A72D3692C50028486F /* DateHelper.swift */,
				D12BE3A92D3692EF0028486F /* UILabelHelper.swift */,
				D12BE3AB2D36930C0028486F /* AlertHelper.swift */,
				D12BE3AD2D3693310028486F /* JSONDecoderHelper.swift */,
				D12BE3AF2D3693480028486F /* DoubleHelper.swift */,
			);
			path = HelperFunctions;
			sourceTree = "<group>";
		};
		D12BE3B22D3694E10028486F /* ViewModel */ = {
			isa = PBXGroup;
			children = (
				D123139A2D2DE78A00AFF0C1 /* MainViewModel.swift */,
			);
			path = ViewModel;
			sourceTree = "<group>";
		};
/* End PBXGroup section */

/* Begin PBXNativeTarget section */
		D123135A2D2DC94500AFF0C1 /* Weather App 2025 */ = {
			isa = PBXNativeTarget;
			buildConfigurationList = D12313852D2DC94700AFF0C1 /* Build configuration list for PBXNativeTarget "Weather App 2025" */;
			buildPhases = (
				D12313572D2DC94500AFF0C1 /* Sources */,
				D12313582D2DC94500AFF0C1 /* Frameworks */,
				D12313592D2DC94500AFF0C1 /* Resources */,
			);
			buildRules = (
			);
			dependencies = (
			);
			name = "Weather App 2025";
			productName = "Weather App 2025";
			productReference = D123135B2D2DC94500AFF0C1 /* Weather App 2025.app */;
			productType = "com.apple.product-type.application";
		};
		D12313702D2DC94700AFF0C1 /* Weather App 2025Tests */ = {
			isa = PBXNativeTarget;
			buildConfigurationList = D12313882D2DC94700AFF0C1 /* Build configuration list for PBXNativeTarget "Weather App 2025Tests" */;
			buildPhases = (
				D123136D2D2DC94700AFF0C1 /* Sources */,
				D123136E2D2DC94700AFF0C1 /* Frameworks */,
				D123136F2D2DC94700AFF0C1 /* Resources */,
			);
			buildRules = (
			);
			dependencies = (
				D12313732D2DC94700AFF0C1 /* PBXTargetDependency */,
			);
			name = "Weather App 2025Tests";
			productName = "Weather App 2025Tests";
			productReference = D12313712D2DC94700AFF0C1 /* Weather App 2025Tests.xctest */;
			productType = "com.apple.product-type.bundle.unit-test";
		};
/* End PBXNativeTarget section */

/* Begin PBXProject section */
		D12313532D2DC94500AFF0C1 /* Project object */ = {
			isa = PBXProject;
			attributes = {
				BuildIndependentTargetsInParallel = 1;
				LastSwiftUpdateCheck = 1520;
				LastUpgradeCheck = 1520;
				TargetAttributes = {
					D123135A2D2DC94500AFF0C1 = {
						CreatedOnToolsVersion = 15.2;
					};
					D12313702D2DC94700AFF0C1 = {
						CreatedOnToolsVersion = 15.2;
						TestTargetID = D123135A2D2DC94500AFF0C1;
					};
				};
			};
			buildConfigurationList = D12313562D2DC94500AFF0C1 /* Build configuration list for PBXProject "Weather App 2025" */;
			compatibilityVersion = "Xcode 14.0";
			developmentRegion = en;
			hasScannedForEncodings = 0;
			knownRegions = (
				en,
				Base,
			);
			mainGroup = D12313522D2DC94500AFF0C1;
			productRefGroup = D123135C2D2DC94500AFF0C1 /* Products */;
			projectDirPath = "";
			projectRoot = "";
			targets = (
				D123135A2D2DC94500AFF0C1 /* Weather App 2025 */,
				D12313702D2DC94700AFF0C1 /* Weather App 2025Tests */,
			);
		};
/* End PBXProject section */

/* Begin PBXResourcesBuildPhase section */
		D12313592D2DC94500AFF0C1 /* Resources */ = {
			isa = PBXResourcesBuildPhase;
			buildActionMask = 2147483647;
			files = (
				D123136B2D2DC94700AFF0C1 /* LaunchScreen.storyboard in Resources */,
				D12BE3A42D368BBB0028486F /* Localizable.strings in Resources */,
				D12313682D2DC94700AFF0C1 /* Assets.xcassets in Resources */,
			);
			runOnlyForDeploymentPostprocessing = 0;
		};
		D123136F2D2DC94700AFF0C1 /* Resources */ = {
			isa = PBXResourcesBuildPhase;
			buildActionMask = 2147483647;
			files = (
			);
			runOnlyForDeploymentPostprocessing = 0;
		};
/* End PBXResourcesBuildPhase section */

/* Begin PBXSourcesBuildPhase section */
		D12313572D2DC94500AFF0C1 /* Sources */ = {
			isa = PBXSourcesBuildPhase;
			buildActionMask = 2147483647;
			files = (
				D12BE3B02D3693480028486F /* DoubleHelper.swift in Sources */,
				D12313972D2DD60100AFF0C1 /* NetworkError.swift in Sources */,
				D12BE3A62D3692B90028486F /* UIColorHelper.swift in Sources */,
				D12313A02D2EAB5D00AFF0C1 /* ForecastListView.swift in Sources */,
				D123135F2D2DC94500AFF0C1 /* AppDelegate.swift in Sources */,
				D14577802D367E9D00E091B2 /* AppConfig.swift in Sources */,
				D12313612D2DC94500AFF0C1 /* SceneDelegate.swift in Sources */,
				D12BE3AE2D3693310028486F /* JSONDecoderHelper.swift in Sources */,
				D123138F2D2DCD5D00AFF0C1 /* MainViewController.swift in Sources */,
				D10F2EE02D3029F9008954C6 /* CurrentCondition.swift in Sources */,
				D10F2EDC2D3029C5008954C6 /* ForecastWeatherItem.swift in Sources */,
				D10F2EE62D302D10008954C6 /* MainViewController+LocationManager.swift in Sources */,
				D10F2EE22D302A17008954C6 /* Weather.swift in Sources */,
				D10F2EDA2D3029A5008954C6 /* ForecastWeatherResponse.swift in Sources */,
				D12BE3AC2D36930C0028486F /* AlertHelper.swift in Sources */,
				D10F2EE82D302EB7008954C6 /* BackendError.swift in Sources */,
				D12313952D2DD5B000AFF0C1 /* NetworkService.swift in Sources */,
				D10F2EE42D302C7C008954C6 /* MainViewController+styling.swift in Sources */,
				D12313992D2DE74300AFF0C1 /* MainViewController+constraints.swift in Sources */,
				D10F2EEA2D303DB5008954C6 /* URLs.swift in Sources */,
				D12313932D2DD4EA00AFF0C1 /* CurrentWeatherResponse.swift in Sources */,
				D10F2ED72D301574008954C6 /* NetworkServiceProtocol.swift in Sources */,
				D12BE3AA2D3692EF0028486F /* UILabelHelper.swift in Sources */,
				D10F2EDE2D3029D7008954C6 /* Main.swift in Sources */,
				D12BE3A82D3692C50028486F /* DateHelper.swift in Sources */,
				D123139B2D2DE78A00AFF0C1 /* MainViewModel.swift in Sources */,
			);
			runOnlyForDeploymentPostprocessing = 0;
		};
		D123136D2D2DC94700AFF0C1 /* Sources */ = {
			isa = PBXSourcesBuildPhase;
			buildActionMask = 2147483647;
			files = (
				D10F2ED52D30152D008954C6 /* NetworkServiceMock.swift in Sources */,
				D10F2ED32D301399008954C6 /* MainViewModelTests.swift in Sources */,
			);
			runOnlyForDeploymentPostprocessing = 0;
		};
/* End PBXSourcesBuildPhase section */

/* Begin PBXTargetDependency section */
		D12313732D2DC94700AFF0C1 /* PBXTargetDependency */ = {
			isa = PBXTargetDependency;
			target = D123135A2D2DC94500AFF0C1 /* Weather App 2025 */;
			targetProxy = D12313722D2DC94700AFF0C1 /* PBXContainerItemProxy */;
		};
/* End PBXTargetDependency section */

/* Begin PBXVariantGroup section */
		D12313692D2DC94700AFF0C1 /* LaunchScreen.storyboard */ = {
			isa = PBXVariantGroup;
			children = (
				D123136A2D2DC94700AFF0C1 /* Base */,
			);
			name = LaunchScreen.storyboard;
			sourceTree = "<group>";
		};
/* End PBXVariantGroup section */

/* Begin XCBuildConfiguration section */
		D12313832D2DC94700AFF0C1 /* Debug */ = {
			isa = XCBuildConfiguration;
			buildSettings = {
				ALWAYS_SEARCH_USER_PATHS = NO;
				ASSETCATALOG_COMPILER_GENERATE_SWIFT_ASSET_SYMBOL_EXTENSIONS = YES;
				CLANG_ANALYZER_NONNULL = YES;
				CLANG_ANALYZER_NUMBER_OBJECT_CONVERSION = YES_AGGRESSIVE;
				CLANG_CXX_LANGUAGE_STANDARD = "gnu++20";
				CLANG_ENABLE_MODULES = YES;
				CLANG_ENABLE_OBJC_ARC = YES;
				CLANG_ENABLE_OBJC_WEAK = YES;
				CLANG_WARN_BLOCK_CAPTURE_AUTORELEASING = YES;
				CLANG_WARN_BOOL_CONVERSION = YES;
				CLANG_WARN_COMMA = YES;
				CLANG_WARN_CONSTANT_CONVERSION = YES;
				CLANG_WARN_DEPRECATED_OBJC_IMPLEMENTATIONS = YES;
				CLANG_WARN_DIRECT_OBJC_ISA_USAGE = YES_ERROR;
				CLANG_WARN_DOCUMENTATION_COMMENTS = YES;
				CLANG_WARN_EMPTY_BODY = YES;
				CLANG_WARN_ENUM_CONVERSION = YES;
				CLANG_WARN_INFINITE_RECURSION = YES;
				CLANG_WARN_INT_CONVERSION = YES;
				CLANG_WARN_NON_LITERAL_NULL_CONVERSION = YES;
				CLANG_WARN_OBJC_IMPLICIT_RETAIN_SELF = YES;
				CLANG_WARN_OBJC_LITERAL_CONVERSION = YES;
				CLANG_WARN_OBJC_ROOT_CLASS = YES_ERROR;
				CLANG_WARN_QUOTED_INCLUDE_IN_FRAMEWORK_HEADER = YES;
				CLANG_WARN_RANGE_LOOP_ANALYSIS = YES;
				CLANG_WARN_STRICT_PROTOTYPES = YES;
				CLANG_WARN_SUSPICIOUS_MOVE = YES;
				CLANG_WARN_UNGUARDED_AVAILABILITY = YES_AGGRESSIVE;
				CLANG_WARN_UNREACHABLE_CODE = YES;
				CLANG_WARN__DUPLICATE_METHOD_MATCH = YES;
				COPY_PHASE_STRIP = NO;
				DEBUG_INFORMATION_FORMAT = dwarf;
				ENABLE_STRICT_OBJC_MSGSEND = YES;
				ENABLE_TESTABILITY = YES;
				ENABLE_USER_SCRIPT_SANDBOXING = YES;
				GCC_C_LANGUAGE_STANDARD = gnu17;
				GCC_DYNAMIC_NO_PIC = NO;
				GCC_NO_COMMON_BLOCKS = YES;
				GCC_OPTIMIZATION_LEVEL = 0;
				GCC_PREPROCESSOR_DEFINITIONS = (
					"DEBUG=1",
					"$(inherited)",
				);
				GCC_WARN_64_TO_32_BIT_CONVERSION = YES;
				GCC_WARN_ABOUT_RETURN_TYPE = YES_ERROR;
				GCC_WARN_UNDECLARED_SELECTOR = YES;
				GCC_WARN_UNINITIALIZED_AUTOS = YES_AGGRESSIVE;
				GCC_WARN_UNUSED_FUNCTION = YES;
				GCC_WARN_UNUSED_VARIABLE = YES;
				IPHONEOS_DEPLOYMENT_TARGET = 17.2;
				LOCALIZATION_PREFERS_STRING_CATALOGS = YES;
				MTL_ENABLE_DEBUG_INFO = INCLUDE_SOURCE;
				MTL_FAST_MATH = YES;
				ONLY_ACTIVE_ARCH = YES;
				SDKROOT = iphoneos;
				SWIFT_ACTIVE_COMPILATION_CONDITIONS = "DEBUG $(inherited)";
				SWIFT_OPTIMIZATION_LEVEL = "-Onone";
			};
			name = Debug;
		};
		D12313842D2DC94700AFF0C1 /* Release */ = {
			isa = XCBuildConfiguration;
			buildSettings = {
				ALWAYS_SEARCH_USER_PATHS = NO;
				ASSETCATALOG_COMPILER_GENERATE_SWIFT_ASSET_SYMBOL_EXTENSIONS = YES;
				CLANG_ANALYZER_NONNULL = YES;
				CLANG_ANALYZER_NUMBER_OBJECT_CONVERSION = YES_AGGRESSIVE;
				CLANG_CXX_LANGUAGE_STANDARD = "gnu++20";
				CLANG_ENABLE_MODULES = YES;
				CLANG_ENABLE_OBJC_ARC = YES;
				CLANG_ENABLE_OBJC_WEAK = YES;
				CLANG_WARN_BLOCK_CAPTURE_AUTORELEASING = YES;
				CLANG_WARN_BOOL_CONVERSION = YES;
				CLANG_WARN_COMMA = YES;
				CLANG_WARN_CONSTANT_CONVERSION = YES;
				CLANG_WARN_DEPRECATED_OBJC_IMPLEMENTATIONS = YES;
				CLANG_WARN_DIRECT_OBJC_ISA_USAGE = YES_ERROR;
				CLANG_WARN_DOCUMENTATION_COMMENTS = YES;
				CLANG_WARN_EMPTY_BODY = YES;
				CLANG_WARN_ENUM_CONVERSION = YES;
				CLANG_WARN_INFINITE_RECURSION = YES;
				CLANG_WARN_INT_CONVERSION = YES;
				CLANG_WARN_NON_LITERAL_NULL_CONVERSION = YES;
				CLANG_WARN_OBJC_IMPLICIT_RETAIN_SELF = YES;
				CLANG_WARN_OBJC_LITERAL_CONVERSION = YES;
				CLANG_WARN_OBJC_ROOT_CLASS = YES_ERROR;
				CLANG_WARN_QUOTED_INCLUDE_IN_FRAMEWORK_HEADER = YES;
				CLANG_WARN_RANGE_LOOP_ANALYSIS = YES;
				CLANG_WARN_STRICT_PROTOTYPES = YES;
				CLANG_WARN_SUSPICIOUS_MOVE = YES;
				CLANG_WARN_UNGUARDED_AVAILABILITY = YES_AGGRESSIVE;
				CLANG_WARN_UNREACHABLE_CODE = YES;
				CLANG_WARN__DUPLICATE_METHOD_MATCH = YES;
				COPY_PHASE_STRIP = NO;
				DEBUG_INFORMATION_FORMAT = "dwarf-with-dsym";
				ENABLE_NS_ASSERTIONS = NO;
				ENABLE_STRICT_OBJC_MSGSEND = YES;
				ENABLE_USER_SCRIPT_SANDBOXING = YES;
				GCC_C_LANGUAGE_STANDARD = gnu17;
				GCC_NO_COMMON_BLOCKS = YES;
				GCC_WARN_64_TO_32_BIT_CONVERSION = YES;
				GCC_WARN_ABOUT_RETURN_TYPE = YES_ERROR;
				GCC_WARN_UNDECLARED_SELECTOR = YES;
				GCC_WARN_UNINITIALIZED_AUTOS = YES_AGGRESSIVE;
				GCC_WARN_UNUSED_FUNCTION = YES;
				GCC_WARN_UNUSED_VARIABLE = YES;
				IPHONEOS_DEPLOYMENT_TARGET = 17.2;
				LOCALIZATION_PREFERS_STRING_CATALOGS = YES;
				MTL_ENABLE_DEBUG_INFO = NO;
				MTL_FAST_MATH = YES;
				SDKROOT = iphoneos;
				SWIFT_COMPILATION_MODE = wholemodule;
				VALIDATE_PRODUCT = YES;
			};
			name = Release;
		};
		D12313862D2DC94700AFF0C1 /* Debug */ = {
			isa = XCBuildConfiguration;
			baseConfigurationReference = D145777D2D367DB300E091B2 /* AppConfig.xcconfig */;
			buildSettings = {
				ASSETCATALOG_COMPILER_APPICON_NAME = AppIcon;
				ASSETCATALOG_COMPILER_GLOBAL_ACCENT_COLOR_NAME = AccentColor;
				CODE_SIGN_IDENTITY = "Apple Development";
				CODE_SIGN_STYLE = Automatic;
				CURRENT_PROJECT_VERSION = 1;
				DEVELOPMENT_TEAM = XG7JRH745R;
				GENERATE_INFOPLIST_FILE = YES;
				INFOPLIST_FILE = "Weather App 2025/Info.plist";
				INFOPLIST_KEY_CFBundleDisplayName = Weather;
				INFOPLIST_KEY_NSLocationAlwaysAndWhenInUseUsageDescription = "Weather App 2025 would like to access your location";
				INFOPLIST_KEY_NSLocationWhenInUseUsageDescription = "Weather App 2025 would like to access your location";
				INFOPLIST_KEY_UIApplicationSupportsIndirectInputEvents = YES;
				INFOPLIST_KEY_UILaunchStoryboardName = LaunchScreen;
				INFOPLIST_KEY_UIMainStoryboardFile = "";
				INFOPLIST_KEY_UISupportedInterfaceOrientations = UIInterfaceOrientationPortrait;
				INFOPLIST_KEY_UISupportedInterfaceOrientations_iPad = "UIInterfaceOrientationPortrait UIInterfaceOrientationPortraitUpsideDown";
				LD_RUNPATH_SEARCH_PATHS = (
					"$(inherited)",
					"@executable_path/Frameworks",
				);
				MARKETING_VERSION = 1.0;
				PRODUCT_BUNDLE_IDENTIFIER = "com.kudazata.Weather-App";
				PRODUCT_NAME = "$(TARGET_NAME)";
				PROVISIONING_PROFILE_SPECIFIER = "";
				SWIFT_EMIT_LOC_STRINGS = YES;
				SWIFT_VERSION = 5.0;
				TARGETED_DEVICE_FAMILY = "1,2";
			};
			name = Debug;
		};
		D12313872D2DC94700AFF0C1 /* Release */ = {
			isa = XCBuildConfiguration;
			baseConfigurationReference = D145777D2D367DB300E091B2 /* AppConfig.xcconfig */;
			buildSettings = {
				ASSETCATALOG_COMPILER_APPICON_NAME = AppIcon;
				ASSETCATALOG_COMPILER_GLOBAL_ACCENT_COLOR_NAME = AccentColor;
				CODE_SIGN_IDENTITY = "Apple Development";
				CODE_SIGN_STYLE = Automatic;
				CURRENT_PROJECT_VERSION = 1;
				DEVELOPMENT_TEAM = XG7JRH745R;
				GENERATE_INFOPLIST_FILE = YES;
				INFOPLIST_FILE = "Weather App 2025/Info.plist";
				INFOPLIST_KEY_CFBundleDisplayName = Weather;
				INFOPLIST_KEY_NSLocationAlwaysAndWhenInUseUsageDescription = "Weather App 2025 would like to access your location";
				INFOPLIST_KEY_NSLocationWhenInUseUsageDescription = "Weather App 2025 would like to access your location";
				INFOPLIST_KEY_UIApplicationSupportsIndirectInputEvents = YES;
				INFOPLIST_KEY_UILaunchStoryboardName = LaunchScreen;
				INFOPLIST_KEY_UIMainStoryboardFile = "";
				INFOPLIST_KEY_UISupportedInterfaceOrientations = UIInterfaceOrientationPortrait;
				INFOPLIST_KEY_UISupportedInterfaceOrientations_iPad = "UIInterfaceOrientationPortrait UIInterfaceOrientationPortraitUpsideDown";
				LD_RUNPATH_SEARCH_PATHS = (
					"$(inherited)",
					"@executable_path/Frameworks",
				);
				MARKETING_VERSION = 1.0;
				PRODUCT_BUNDLE_IDENTIFIER = "com.kudazata.Weather-App";
				PRODUCT_NAME = "$(TARGET_NAME)";
				PROVISIONING_PROFILE_SPECIFIER = "";
				SWIFT_EMIT_LOC_STRINGS = YES;
				SWIFT_VERSION = 5.0;
				TARGETED_DEVICE_FAMILY = "1,2";
			};
			name = Release;
		};
		D12313892D2DC94700AFF0C1 /* Debug */ = {
			isa = XCBuildConfiguration;
			buildSettings = {
				ALWAYS_EMBED_SWIFT_STANDARD_LIBRARIES = YES;
				BUNDLE_LOADER = "$(TEST_HOST)";
				CODE_SIGN_STYLE = Automatic;
				CURRENT_PROJECT_VERSION = 1;
				DEVELOPMENT_TEAM = KTN2CJBTLN;
				GENERATE_INFOPLIST_FILE = YES;
				IPHONEOS_DEPLOYMENT_TARGET = 17.2;
				MARKETING_VERSION = 1.0;
				PRODUCT_BUNDLE_IDENTIFIER = "com.kudazata.Weather-App-2025Tests";
				PRODUCT_NAME = "$(TARGET_NAME)";
				SWIFT_EMIT_LOC_STRINGS = NO;
				SWIFT_VERSION = 5.0;
				TARGETED_DEVICE_FAMILY = "1,2";
				TEST_HOST = "$(BUILT_PRODUCTS_DIR)/Weather App 2025.app/$(BUNDLE_EXECUTABLE_FOLDER_PATH)/Weather App 2025";
			};
			name = Debug;
		};
		D123138A2D2DC94700AFF0C1 /* Release */ = {
			isa = XCBuildConfiguration;
			buildSettings = {
				ALWAYS_EMBED_SWIFT_STANDARD_LIBRARIES = YES;
				BUNDLE_LOADER = "$(TEST_HOST)";
				CODE_SIGN_STYLE = Automatic;
				CURRENT_PROJECT_VERSION = 1;
				DEVELOPMENT_TEAM = KTN2CJBTLN;
				GENERATE_INFOPLIST_FILE = YES;
				IPHONEOS_DEPLOYMENT_TARGET = 17.2;
				MARKETING_VERSION = 1.0;
				PRODUCT_BUNDLE_IDENTIFIER = "com.kudazata.Weather-App-2025Tests";
				PRODUCT_NAME = "$(TARGET_NAME)";
				SWIFT_EMIT_LOC_STRINGS = NO;
				SWIFT_VERSION = 5.0;
				TARGETED_DEVICE_FAMILY = "1,2";
				TEST_HOST = "$(BUILT_PRODUCTS_DIR)/Weather App 2025.app/$(BUNDLE_EXECUTABLE_FOLDER_PATH)/Weather App 2025";
			};
			name = Release;
		};
/* End XCBuildConfiguration section */

/* Begin XCConfigurationList section */
		D12313562D2DC94500AFF0C1 /* Build configuration list for PBXProject "Weather App 2025" */ = {
			isa = XCConfigurationList;
			buildConfigurations = (
				D12313832D2DC94700AFF0C1 /* Debug */,
				D12313842D2DC94700AFF0C1 /* Release */,
			);
			defaultConfigurationIsVisible = 0;
			defaultConfigurationName = Release;
		};
		D12313852D2DC94700AFF0C1 /* Build configuration list for PBXNativeTarget "Weather App 2025" */ = {
			isa = XCConfigurationList;
			buildConfigurations = (
				D12313862D2DC94700AFF0C1 /* Debug */,
				D12313872D2DC94700AFF0C1 /* Release */,
			);
			defaultConfigurationIsVisible = 0;
			defaultConfigurationName = Release;
		};
		D12313882D2DC94700AFF0C1 /* Build configuration list for PBXNativeTarget "Weather App 2025Tests" */ = {
			isa = XCConfigurationList;
			buildConfigurations = (
				D12313892D2DC94700AFF0C1 /* Debug */,
				D123138A2D2DC94700AFF0C1 /* Release */,
			);
			defaultConfigurationIsVisible = 0;
			defaultConfigurationName = Release;
		};
/* End XCConfigurationList section */
	};
	rootObject = D12313532D2DC94500AFF0C1 /* Project object */;
}
